// !$*UTF8*$!
{
	archiveVersion = 1;
	classes = {
	};
	objectVersion = 51;
	objects = {

/* Begin PBXBuildFile section */
		777B489961120B0CC43006A1 /* Pods_MeetingCompositeGettingStarted.framework in Frameworks */ = {isa = PBXBuildFile; fileRef = 81010B3F73A4278DCB03FACB /* Pods_MeetingCompositeGettingStarted.framework */; };
		A81CC745258804D6001FAB57 /* AppDelegate.swift in Sources */ = {isa = PBXBuildFile; fileRef = A81CC744258804D6001FAB57 /* AppDelegate.swift */; };
		A81CC747258804D6001FAB57 /* SceneDelegate.swift in Sources */ = {isa = PBXBuildFile; fileRef = A81CC746258804D6001FAB57 /* SceneDelegate.swift */; };
		A81CC749258804D6001FAB57 /* ViewController.swift in Sources */ = {isa = PBXBuildFile; fileRef = A81CC748258804D6001FAB57 /* ViewController.swift */; };
		A81CC74C258804D6001FAB57 /* Main.storyboard in Resources */ = {isa = PBXBuildFile; fileRef = A81CC74A258804D6001FAB57 /* Main.storyboard */; };
		A81CC74E258804D8001FAB57 /* Assets.xcassets in Resources */ = {isa = PBXBuildFile; fileRef = A81CC74D258804D8001FAB57 /* Assets.xcassets */; };
		A81CC751258804D8001FAB57 /* LaunchScreen.storyboard in Resources */ = {isa = PBXBuildFile; fileRef = A81CC74F258804D8001FAB57 /* LaunchScreen.storyboard */; };
		A8E2A19E25D1A7A600DF8AD3 /* MeetingUIClient.framework in Frameworks */ = {isa = PBXBuildFile; fileRef = A8E2A19D25D1A7A600DF8AD3 /* MeetingUIClient.framework */; };
		A8E2A19F25D1A7A600DF8AD3 /* MeetingUIClient.framework in Embed Frameworks */ = {isa = PBXBuildFile; fileRef = A8E2A19D25D1A7A600DF8AD3 /* MeetingUIClient.framework */; settings = {ATTRIBUTES = (CodeSignOnCopy, RemoveHeadersOnCopy, ); }; };
/* End PBXBuildFile section */

/* Begin PBXCopyFilesBuildPhase section */
		A81CC75D25880EC7001FAB57 /* Embed Frameworks */ = {
			isa = PBXCopyFilesBuildPhase;
			buildActionMask = 2147483647;
			dstPath = "";
			dstSubfolderSpec = 10;
			files = (
				A8E2A19F25D1A7A600DF8AD3 /* MeetingUIClient.framework in Embed Frameworks */,
			);
			name = "Embed Frameworks";
			runOnlyForDeploymentPostprocessing = 0;
		};
/* End PBXCopyFilesBuildPhase section */

/* Begin PBXFileReference section */
		2841E57F3E33AC6BCBAF0F9B /* Pods-MeetingCompositeGettingStarted.release.xcconfig */ = {isa = PBXFileReference; includeInIndex = 1; lastKnownFileType = text.xcconfig; name = "Pods-MeetingCompositeGettingStarted.release.xcconfig"; path = "Target Support Files/Pods-MeetingCompositeGettingStarted/Pods-MeetingCompositeGettingStarted.release.xcconfig"; sourceTree = "<group>"; };
		7332F33F208FFA62CD995213 /* Pods-MeetingCompositeGettingStarted.debug.xcconfig */ = {isa = PBXFileReference; includeInIndex = 1; lastKnownFileType = text.xcconfig; name = "Pods-MeetingCompositeGettingStarted.debug.xcconfig"; path = "Target Support Files/Pods-MeetingCompositeGettingStarted/Pods-MeetingCompositeGettingStarted.debug.xcconfig"; sourceTree = "<group>"; };
		81010B3F73A4278DCB03FACB /* Pods_MeetingCompositeGettingStarted.framework */ = {isa = PBXFileReference; explicitFileType = wrapper.framework; includeInIndex = 0; path = Pods_MeetingCompositeGettingStarted.framework; sourceTree = BUILT_PRODUCTS_DIR; };
		A81CC741258804D6001FAB57 /* MeetingCompositeGettingStarted.app */ = {isa = PBXFileReference; explicitFileType = wrapper.application; includeInIndex = 0; path = MeetingCompositeGettingStarted.app; sourceTree = BUILT_PRODUCTS_DIR; };
		A81CC744258804D6001FAB57 /* AppDelegate.swift */ = {isa = PBXFileReference; lastKnownFileType = sourcecode.swift; path = AppDelegate.swift; sourceTree = "<group>"; };
		A81CC746258804D6001FAB57 /* SceneDelegate.swift */ = {isa = PBXFileReference; lastKnownFileType = sourcecode.swift; path = SceneDelegate.swift; sourceTree = "<group>"; };
		A81CC748258804D6001FAB57 /* ViewController.swift */ = {isa = PBXFileReference; lastKnownFileType = sourcecode.swift; path = ViewController.swift; sourceTree = "<group>"; };
		A81CC74B258804D6001FAB57 /* Base */ = {isa = PBXFileReference; lastKnownFileType = file.storyboard; name = Base; path = Base.lproj/Main.storyboard; sourceTree = "<group>"; };
		A81CC74D258804D8001FAB57 /* Assets.xcassets */ = {isa = PBXFileReference; lastKnownFileType = folder.assetcatalog; path = Assets.xcassets; sourceTree = "<group>"; };
		A81CC750258804D8001FAB57 /* Base */ = {isa = PBXFileReference; lastKnownFileType = file.storyboard; name = Base; path = Base.lproj/LaunchScreen.storyboard; sourceTree = "<group>"; };
		A81CC752258804D8001FAB57 /* Info.plist */ = {isa = PBXFileReference; lastKnownFileType = text.plist.xml; path = Info.plist; sourceTree = "<group>"; };
		A8E2A19D25D1A7A600DF8AD3 /* MeetingUIClient.framework */ = {isa = PBXFileReference; lastKnownFileType = wrapper.framework; name = MeetingUIClient.framework; path = Frameworks/MeetingUIClient.framework; sourceTree = "<group>"; };
/* End PBXFileReference section */

/* Begin PBXFrameworksBuildPhase section */
		A81CC73E258804D6001FAB57 /* Frameworks */ = {
			isa = PBXFrameworksBuildPhase;
			buildActionMask = 2147483647;
			files = (
				777B489961120B0CC43006A1 /* Pods_MeetingCompositeGettingStarted.framework in Frameworks */,
				A8E2A19E25D1A7A600DF8AD3 /* MeetingUIClient.framework in Frameworks */,
			);
			runOnlyForDeploymentPostprocessing = 0;
		};
/* End PBXFrameworksBuildPhase section */

/* Begin PBXGroup section */
		9422DE7242F1770056AE1FF6 /* Pods */ = {
			isa = PBXGroup;
			children = (
				7332F33F208FFA62CD995213 /* Pods-MeetingCompositeGettingStarted.debug.xcconfig */,
				2841E57F3E33AC6BCBAF0F9B /* Pods-MeetingCompositeGettingStarted.release.xcconfig */,
			);
			path = Pods;
			sourceTree = "<group>";
		};
		A81CC738258804D6001FAB57 = {
			isa = PBXGroup;
			children = (
				A81CC743258804D6001FAB57 /* MeetingCompositeGettingStarted */,
				A81CC742258804D6001FAB57 /* Products */,
				A81CC75925880EC7001FAB57 /* Frameworks */,
				9422DE7242F1770056AE1FF6 /* Pods */,
			);
			sourceTree = "<group>";
		};
		A81CC742258804D6001FAB57 /* Products */ = {
			isa = PBXGroup;
			children = (
				A81CC741258804D6001FAB57 /* MeetingCompositeGettingStarted.app */,
			);
			name = Products;
			sourceTree = "<group>";
		};
		A81CC743258804D6001FAB57 /* MeetingCompositeGettingStarted */ = {
			isa = PBXGroup;
			children = (
				A81CC744258804D6001FAB57 /* AppDelegate.swift */,
				A81CC746258804D6001FAB57 /* SceneDelegate.swift */,
				A81CC748258804D6001FAB57 /* ViewController.swift */,
				A81CC74A258804D6001FAB57 /* Main.storyboard */,
				A81CC74D258804D8001FAB57 /* Assets.xcassets */,
				A81CC74F258804D8001FAB57 /* LaunchScreen.storyboard */,
				A81CC752258804D8001FAB57 /* Info.plist */,
			);
			path = MeetingCompositeGettingStarted;
			sourceTree = "<group>";
		};
		A81CC75925880EC7001FAB57 /* Frameworks */ = {
			isa = PBXGroup;
			children = (
				A8E2A19D25D1A7A600DF8AD3 /* MeetingUIClient.framework */,
				81010B3F73A4278DCB03FACB /* Pods_MeetingCompositeGettingStarted.framework */,
			);
			name = Frameworks;
			sourceTree = "<group>";
		};
/* End PBXGroup section */

/* Begin PBXNativeTarget section */
		A81CC740258804D6001FAB57 /* MeetingCompositeGettingStarted */ = {
			isa = PBXNativeTarget;
			buildConfigurationList = A81CC755258804D8001FAB57 /* Build configuration list for PBXNativeTarget "MeetingCompositeGettingStarted" */;
			buildPhases = (
				C3607603CAFFB0D50358CC1E /* [CP] Check Pods Manifest.lock */,
				A81CC73D258804D6001FAB57 /* Sources */,
				A81CC73E258804D6001FAB57 /* Frameworks */,
				A81CC73F258804D6001FAB57 /* Resources */,
				A81CC75D25880EC7001FAB57 /* Embed Frameworks */,
				A8CB2B30258A86C4004A7CC5 /* ShellScript */,
				D8EF0547A65A80952A63D32A /* [CP] Embed Pods Frameworks */,
			);
			buildRules = (
			);
			dependencies = (
			);
			name = MeetingCompositeGettingStarted;
			productName = MeetingCompositeGettingStarted;
			productReference = A81CC741258804D6001FAB57 /* MeetingCompositeGettingStarted.app */;
			productType = "com.apple.product-type.application";
		};
/* End PBXNativeTarget section */

/* Begin PBXProject section */
		A81CC739258804D6001FAB57 /* Project object */ = {
			isa = PBXProject;
			attributes = {
				LastSwiftUpdateCheck = 1220;
				LastUpgradeCheck = 1220;
				TargetAttributes = {
					A81CC740258804D6001FAB57 = {
						CreatedOnToolsVersion = 12.2;
						LastSwiftMigration = 1130;
					};
				};
			};
			buildConfigurationList = A81CC73C258804D6001FAB57 /* Build configuration list for PBXProject "MeetingCompositeGettingStarted" */;
			compatibilityVersion = "Xcode 9.3";
			developmentRegion = en;
			hasScannedForEncodings = 0;
			knownRegions = (
				en,
				Base,
			);
			mainGroup = A81CC738258804D6001FAB57;
			productRefGroup = A81CC742258804D6001FAB57 /* Products */;
			projectDirPath = "";
			projectRoot = "";
			targets = (
				A81CC740258804D6001FAB57 /* MeetingCompositeGettingStarted */,
			);
		};
/* End PBXProject section */

/* Begin PBXResourcesBuildPhase section */
		A81CC73F258804D6001FAB57 /* Resources */ = {
			isa = PBXResourcesBuildPhase;
			buildActionMask = 2147483647;
			files = (
				A81CC751258804D8001FAB57 /* LaunchScreen.storyboard in Resources */,
				A81CC74E258804D8001FAB57 /* Assets.xcassets in Resources */,
				A81CC74C258804D6001FAB57 /* Main.storyboard in Resources */,
			);
			runOnlyForDeploymentPostprocessing = 0;
		};
/* End PBXResourcesBuildPhase section */

/* Begin PBXShellScriptBuildPhase section */
		A8CB2B30258A86C4004A7CC5 /* ShellScript */ = {
			isa = PBXShellScriptBuildPhase;
			buildActionMask = 2147483647;
			files = (
			);
			inputFileListPaths = (
			);
			inputPaths = (
			);
			outputFileListPaths = (
			);
			outputPaths = (
			);
			runOnlyForDeploymentPostprocessing = 0;
			shellPath = /bin/sh;
			shellScript = "#!/bin/sh\nif [ -d \"${TARGET_BUILD_DIR}\"/\"${PRODUCT_NAME}\".app/Frameworks/TeamsAppSDK.framework/Frameworks ]; then\n    pushd \"${TARGET_BUILD_DIR}\"/\"${PRODUCT_NAME}\".app/Frameworks/TeamsAppSDK.framework/Frameworks\n    for EACH in *.framework; do\n        echo \"-- signing ${EACH}\"\n        /usr/bin/codesign --force --deep --sign \"${EXPANDED_CODE_SIGN_IDENTITY}\" --entitlements \"${TARGET_TEMP_DIR}/${PRODUCT_NAME}.app.xcent\" --timestamp=none $EACH\n        echo \"-- moving ${EACH}\"\n        mv -nv ${EACH} ../../\n    done\n    rm -rf \"${TARGET_BUILD_DIR}\"/\"${PRODUCT_NAME}\".app/Frameworks/TeamsAppSDK.framework/Frameworks\n    popd\n    echo \"BUILD DIR ${TARGET_BUILD_DIR}\"\nfi\n";
		};
		C3607603CAFFB0D50358CC1E /* [CP] Check Pods Manifest.lock */ = {
			isa = PBXShellScriptBuildPhase;
			buildActionMask = 2147483647;
			files = (
			);
			inputFileListPaths = (
			);
			inputPaths = (
				"${PODS_PODFILE_DIR_PATH}/Podfile.lock",
				"${PODS_ROOT}/Manifest.lock",
			);
			name = "[CP] Check Pods Manifest.lock";
			outputFileListPaths = (
			);
			outputPaths = (
				"$(DERIVED_FILE_DIR)/Pods-MeetingCompositeGettingStarted-checkManifestLockResult.txt",
			);
			runOnlyForDeploymentPostprocessing = 0;
			shellPath = /bin/sh;
			shellScript = "diff \"${PODS_PODFILE_DIR_PATH}/Podfile.lock\" \"${PODS_ROOT}/Manifest.lock\" > /dev/null\nif [ $? != 0 ] ; then\n    # print error to STDERR\n    echo \"error: The sandbox is not in sync with the Podfile.lock. Run 'pod install' or update your CocoaPods installation.\" >&2\n    exit 1\nfi\n# This output is used by Xcode 'outputs' to avoid re-running this script phase.\necho \"SUCCESS\" > \"${SCRIPT_OUTPUT_FILE_0}\"\n";
			showEnvVarsInLog = 0;
		};
		D8EF0547A65A80952A63D32A /* [CP] Embed Pods Frameworks */ = {
			isa = PBXShellScriptBuildPhase;
			buildActionMask = 2147483647;
			files = (
			);
			inputFileListPaths = (
				"${PODS_ROOT}/Target Support Files/Pods-MeetingCompositeGettingStarted/Pods-MeetingCompositeGettingStarted-frameworks-${CONFIGURATION}-input-files.xcfilelist",
			);
			name = "[CP] Embed Pods Frameworks";
			outputFileListPaths = (
				"${PODS_ROOT}/Target Support Files/Pods-MeetingCompositeGettingStarted/Pods-MeetingCompositeGettingStarted-frameworks-${CONFIGURATION}-output-files.xcfilelist",
			);
			runOnlyForDeploymentPostprocessing = 0;
			shellPath = /bin/sh;
			shellScript = "\"${PODS_ROOT}/Target Support Files/Pods-MeetingCompositeGettingStarted/Pods-MeetingCompositeGettingStarted-frameworks.sh\"\n";
			showEnvVarsInLog = 0;
		};
/* End PBXShellScriptBuildPhase section */

/* Begin PBXSourcesBuildPhase section */
		A81CC73D258804D6001FAB57 /* Sources */ = {
			isa = PBXSourcesBuildPhase;
			buildActionMask = 2147483647;
			files = (
				A81CC749258804D6001FAB57 /* ViewController.swift in Sources */,
				A81CC745258804D6001FAB57 /* AppDelegate.swift in Sources */,
				A81CC747258804D6001FAB57 /* SceneDelegate.swift in Sources */,
			);
			runOnlyForDeploymentPostprocessing = 0;
		};
/* End PBXSourcesBuildPhase section */

/* Begin PBXVariantGroup section */
		A81CC74A258804D6001FAB57 /* Main.storyboard */ = {
			isa = PBXVariantGroup;
			children = (
				A81CC74B258804D6001FAB57 /* Base */,
			);
			name = Main.storyboard;
			sourceTree = "<group>";
		};
		A81CC74F258804D8001FAB57 /* LaunchScreen.storyboard */ = {
			isa = PBXVariantGroup;
			children = (
				A81CC750258804D8001FAB57 /* Base */,
			);
			name = LaunchScreen.storyboard;
			sourceTree = "<group>";
		};
/* End PBXVariantGroup section */

/* Begin XCBuildConfiguration section */
		A81CC753258804D8001FAB57 /* Debug */ = {
			isa = XCBuildConfiguration;
			buildSettings = {
				ALWAYS_SEARCH_USER_PATHS = NO;
				CLANG_ANALYZER_NONNULL = YES;
				CLANG_ANALYZER_NUMBER_OBJECT_CONVERSION = YES_AGGRESSIVE;
				CLANG_CXX_LANGUAGE_STANDARD = "gnu++14";
				CLANG_CXX_LIBRARY = "libc++";
				CLANG_ENABLE_MODULES = YES;
				CLANG_ENABLE_OBJC_ARC = YES;
				CLANG_ENABLE_OBJC_WEAK = YES;
				CLANG_WARN_BLOCK_CAPTURE_AUTORELEASING = YES;
				CLANG_WARN_BOOL_CONVERSION = YES;
				CLANG_WARN_COMMA = YES;
				CLANG_WARN_CONSTANT_CONVERSION = YES;
				CLANG_WARN_DEPRECATED_OBJC_IMPLEMENTATIONS = YES;
				CLANG_WARN_DIRECT_OBJC_ISA_USAGE = YES_ERROR;
				CLANG_WARN_DOCUMENTATION_COMMENTS = YES;
				CLANG_WARN_EMPTY_BODY = YES;
				CLANG_WARN_ENUM_CONVERSION = YES;
				CLANG_WARN_INFINITE_RECURSION = YES;
				CLANG_WARN_INT_CONVERSION = YES;
				CLANG_WARN_NON_LITERAL_NULL_CONVERSION = YES;
				CLANG_WARN_OBJC_IMPLICIT_RETAIN_SELF = YES;
				CLANG_WARN_OBJC_LITERAL_CONVERSION = YES;
				CLANG_WARN_OBJC_ROOT_CLASS = YES_ERROR;
				CLANG_WARN_QUOTED_INCLUDE_IN_FRAMEWORK_HEADER = YES;
				CLANG_WARN_RANGE_LOOP_ANALYSIS = YES;
				CLANG_WARN_STRICT_PROTOTYPES = YES;
				CLANG_WARN_SUSPICIOUS_MOVE = YES;
				CLANG_WARN_UNGUARDED_AVAILABILITY = YES_AGGRESSIVE;
				CLANG_WARN_UNREACHABLE_CODE = YES;
				CLANG_WARN__DUPLICATE_METHOD_MATCH = YES;
				COPY_PHASE_STRIP = NO;
				DEBUG_INFORMATION_FORMAT = dwarf;
				ENABLE_STRICT_OBJC_MSGSEND = YES;
				ENABLE_TESTABILITY = YES;
				GCC_C_LANGUAGE_STANDARD = gnu11;
				GCC_DYNAMIC_NO_PIC = NO;
				GCC_NO_COMMON_BLOCKS = YES;
				GCC_OPTIMIZATION_LEVEL = 0;
				GCC_PREPROCESSOR_DEFINITIONS = (
					"DEBUG=1",
					"$(inherited)",
				);
				GCC_WARN_64_TO_32_BIT_CONVERSION = YES;
				GCC_WARN_ABOUT_RETURN_TYPE = YES_ERROR;
				GCC_WARN_UNDECLARED_SELECTOR = YES;
				GCC_WARN_UNINITIALIZED_AUTOS = YES_AGGRESSIVE;
				GCC_WARN_UNUSED_FUNCTION = YES;
				GCC_WARN_UNUSED_VARIABLE = YES;
				IPHONEOS_DEPLOYMENT_TARGET = 13.0;
				MTL_ENABLE_DEBUG_INFO = INCLUDE_SOURCE;
				MTL_FAST_MATH = YES;
				ONLY_ACTIVE_ARCH = YES;
				SDKROOT = iphoneos;
				SWIFT_ACTIVE_COMPILATION_CONDITIONS = DEBUG;
				SWIFT_OPTIMIZATION_LEVEL = "-Onone";
			};
			name = Debug;
		};
		A81CC754258804D8001FAB57 /* Release */ = {
			isa = XCBuildConfiguration;
			buildSettings = {
				ALWAYS_SEARCH_USER_PATHS = NO;
				CLANG_ANALYZER_NONNULL = YES;
				CLANG_ANALYZER_NUMBER_OBJECT_CONVERSION = YES_AGGRESSIVE;
				CLANG_CXX_LANGUAGE_STANDARD = "gnu++14";
				CLANG_CXX_LIBRARY = "libc++";
				CLANG_ENABLE_MODULES = YES;
				CLANG_ENABLE_OBJC_ARC = YES;
				CLANG_ENABLE_OBJC_WEAK = YES;
				CLANG_WARN_BLOCK_CAPTURE_AUTORELEASING = YES;
				CLANG_WARN_BOOL_CONVERSION = YES;
				CLANG_WARN_COMMA = YES;
				CLANG_WARN_CONSTANT_CONVERSION = YES;
				CLANG_WARN_DEPRECATED_OBJC_IMPLEMENTATIONS = YES;
				CLANG_WARN_DIRECT_OBJC_ISA_USAGE = YES_ERROR;
				CLANG_WARN_DOCUMENTATION_COMMENTS = YES;
				CLANG_WARN_EMPTY_BODY = YES;
				CLANG_WARN_ENUM_CONVERSION = YES;
				CLANG_WARN_INFINITE_RECURSION = YES;
				CLANG_WARN_INT_CONVERSION = YES;
				CLANG_WARN_NON_LITERAL_NULL_CONVERSION = YES;
				CLANG_WARN_OBJC_IMPLICIT_RETAIN_SELF = YES;
				CLANG_WARN_OBJC_LITERAL_CONVERSION = YES;
				CLANG_WARN_OBJC_ROOT_CLASS = YES_ERROR;
				CLANG_WARN_QUOTED_INCLUDE_IN_FRAMEWORK_HEADER = YES;
				CLANG_WARN_RANGE_LOOP_ANALYSIS = YES;
				CLANG_WARN_STRICT_PROTOTYPES = YES;
				CLANG_WARN_SUSPICIOUS_MOVE = YES;
				CLANG_WARN_UNGUARDED_AVAILABILITY = YES_AGGRESSIVE;
				CLANG_WARN_UNREACHABLE_CODE = YES;
				CLANG_WARN__DUPLICATE_METHOD_MATCH = YES;
				COPY_PHASE_STRIP = NO;
				DEBUG_INFORMATION_FORMAT = "dwarf-with-dsym";
				ENABLE_NS_ASSERTIONS = NO;
				ENABLE_STRICT_OBJC_MSGSEND = YES;
				GCC_C_LANGUAGE_STANDARD = gnu11;
				GCC_NO_COMMON_BLOCKS = YES;
				GCC_WARN_64_TO_32_BIT_CONVERSION = YES;
				GCC_WARN_ABOUT_RETURN_TYPE = YES_ERROR;
				GCC_WARN_UNDECLARED_SELECTOR = YES;
				GCC_WARN_UNINITIALIZED_AUTOS = YES_AGGRESSIVE;
				GCC_WARN_UNUSED_FUNCTION = YES;
				GCC_WARN_UNUSED_VARIABLE = YES;
				IPHONEOS_DEPLOYMENT_TARGET = 13.0;
				MTL_ENABLE_DEBUG_INFO = NO;
				MTL_FAST_MATH = YES;
				SDKROOT = iphoneos;
				SWIFT_COMPILATION_MODE = wholemodule;
				SWIFT_OPTIMIZATION_LEVEL = "-O";
				VALIDATE_PRODUCT = YES;
			};
			name = Release;
		};
		A81CC756258804D8001FAB57 /* Debug */ = {
			isa = XCBuildConfiguration;
			baseConfigurationReference = 7332F33F208FFA62CD995213 /* Pods-MeetingCompositeGettingStarted.debug.xcconfig */;
			buildSettings = {
				ASSETCATALOG_COMPILER_APPICON_NAME = AppIcon;
				ASSETCATALOG_COMPILER_GLOBAL_ACCENT_COLOR_NAME = AccentColor;
				CLANG_ENABLE_MODULES = YES;
				CODE_SIGN_STYLE = Automatic;
				DEVELOPMENT_TEAM = UBF8T346G9;
				ENABLE_BITCODE = NO;
				FRAMEWORK_SEARCH_PATHS = (
					"$(inherited)",
					"$(PROJECT_DIR)/Frameworks",
				);
				INFOPLIST_FILE = MeetingCompositeGettingStarted/Info.plist;
				IPHONEOS_DEPLOYMENT_TARGET = 13.0;
				LD_RUNPATH_SEARCH_PATHS = (
					"$(inherited)",
					"@executable_path/Frameworks",
				);
				PRODUCT_BUNDLE_IDENTIFIER = com.microsoft.MeetingCompositeGettingStarted;
				PRODUCT_NAME = "$(TARGET_NAME)";
				SWIFT_INSTALL_OBJC_HEADER = YES;
				SWIFT_OBJC_BRIDGING_HEADER = "";
				SWIFT_OPTIMIZATION_LEVEL = "-Onone";
				SWIFT_VERSION = 5.0;
				TARGETED_DEVICE_FAMILY = "1,2";
			};
			name = Debug;
		};
		A81CC757258804D8001FAB57 /* Release */ = {
			isa = XCBuildConfiguration;
			baseConfigurationReference = 2841E57F3E33AC6BCBAF0F9B /* Pods-MeetingCompositeGettingStarted.release.xcconfig */;
			buildSettings = {
				ASSETCATALOG_COMPILER_APPICON_NAME = AppIcon;
				ASSETCATALOG_COMPILER_GLOBAL_ACCENT_COLOR_NAME = AccentColor;
				CLANG_ENABLE_MODULES = YES;
				CODE_SIGN_STYLE = Automatic;
				DEVELOPMENT_TEAM = UBF8T346G9;
				ENABLE_BITCODE = NO;
				FRAMEWORK_SEARCH_PATHS = (
					"$(inherited)",
					"$(PROJECT_DIR)/Frameworks",
				);
				INFOPLIST_FILE = MeetingCompositeGettingStarted/Info.plist;
				IPHONEOS_DEPLOYMENT_TARGET = 13.0;
				LD_RUNPATH_SEARCH_PATHS = (
					"$(inherited)",
					"@executable_path/Frameworks",
				);
				PRODUCT_BUNDLE_IDENTIFIER = com.microsoft.MeetingCompositeGettingStarted;
				PRODUCT_NAME = "$(TARGET_NAME)";
				SWIFT_INSTALL_OBJC_HEADER = YES;
				SWIFT_OBJC_BRIDGING_HEADER = "";
				SWIFT_VERSION = 5.0;
				TARGETED_DEVICE_FAMILY = "1,2";
			};
			name = Release;
		};
/* End XCBuildConfiguration section */

/* Begin XCConfigurationList section */
		A81CC73C258804D6001FAB57 /* Build configuration list for PBXProject "MeetingCompositeGettingStarted" */ = {
			isa = XCConfigurationList;
			buildConfigurations = (
				A81CC753258804D8001FAB57 /* Debug */,
				A81CC754258804D8001FAB57 /* Release */,
			);
			defaultConfigurationIsVisible = 0;
			defaultConfigurationName = Release;
		};
		A81CC755258804D8001FAB57 /* Build configuration list for PBXNativeTarget "MeetingCompositeGettingStarted" */ = {
			isa = XCConfigurationList;
			buildConfigurations = (
				A81CC756258804D8001FAB57 /* Debug */,
				A81CC757258804D8001FAB57 /* Release */,
			);
			defaultConfigurationIsVisible = 0;
			defaultConfigurationName = Release;
		};
/* End XCConfigurationList section */
	};
	rootObject = A81CC739258804D6001FAB57 /* Project object */;
}
