PODS:
  - AzureCommunication (1.0.0-beta.8):
    - AzureCore (~> 1.0.0-beta.8)
  - AzureCore (1.0.0-beta.8)

DEPENDENCIES:
  - AzureCommunication (~> 1.0.0-beta.8)

SPEC REPOS:
  trunk:
    - AzureCommunication
    - AzureCore

SPEC CHECKSUMS:
  AzureCommunication: 45fc76a131a18419c3ba9bf39c4a07a25f40669b
  AzureCore: dd1775dec02746833668fb05513300fe06f5de0d

PODFILE CHECKSUM: b07c94398b87f541277fb763bd7d3b4e496c118d

COCOAPODS: 1.10.0
