PODS:
  - AzureCommunication (1.0.0-beta.6):
    - AzureCore (~> 1.0.0-beta.6)
  - AzureCore (1.0.0-beta.6)

DEPENDENCIES:
  - AzureCommunication (~> 1.0.0-beta.6)
  - AzureCore (~> 1.0.0-beta.6)

SPEC REPOS:
  trunk:
    - AzureCommunication
    - AzureCore

SPEC CHECKSUMS:
  AzureCommunication: 645a8381f57e7e02fa3150fcce1dc8f982665840
  AzureCore: f056c388ffcb745e54119d7b77cc109d79d56446

PODFILE CHECKSUM: 231107a776666e60c0561631a2503d298769e1de

COCOAPODS: 1.10.0
