PODS:
  - AzureCommunication (1.0.0-beta.7):
    - AzureCore (~> 1.0.0-beta.7)
  - AzureCore (1.0.0-beta.7)

DEPENDENCIES:
  - AzureCommunication (~> 1.0.0-beta.7)
  - AzureCore (~> 1.0.0-beta.7)

SPEC REPOS:
  trunk:
    - AzureCommunication
    - AzureCore

SPEC CHECKSUMS:
  AzureCommunication: aa808438f6060ae0968ca9b95893fc3ff5015657
  AzureCore: ba548f7483963929620bdca2ad8dcd6efc3d3f55

PODFILE CHECKSUM: 8d9cf2b358c52b37f80da5ae61af5c0ddcf1aa79

COCOAPODS: 1.10.0
